
Microsoft Visual Studio Solution File, Format Version 12.00
# Visual Studio 15
VisualStudioVersion = 15.0.28010.2046
MinimumVisualStudioVersion = 10.0.40219.1
Project("{9A19103F-16F7-4668-BE54-9A1E7A4F7556}") = "Interfaces", "Interfaces\Interfaces.csproj", "{5503ADFC-A5F5-4883-A2E6-FC4B5348887D}"
EndProject
Project("{9A19103F-16F7-4668-BE54-9A1E7A4F7556}") = "Tests", "Tests\Tests.csproj", "{7C4CA1F7-F6AA-425B-B63A-6E4CD1C360A0}"
EndProject
Project("{9A19103F-16F7-4668-BE54-9A1E7A4F7556}") = "Enums", "Enums\Enums.csproj", "{30AAAF5A-CD81-410E-B372-D2BF1E141A33}"
EndProject
Project("{9A19103F-16F7-4668-BE54-9A1E7A4F7556}") = "Attributes", "Attributes\Attributes.csproj", "{4179C129-EF3F-47BF-AC2A-510B791FB549}"
EndProject
Project("{9A19103F-16F7-4668-BE54-9A1E7A4F7556}") = "PermissionsAttribute", "PermissionsAttribute\PermissionsAttribute.csproj", "{AEBA988B-6E2D-47FC-989F-F9A08FD04B33}"
EndProject
Global
	GlobalSection(SolutionConfigurationPlatforms) = preSolution
		Debug|Any CPU = Debug|Any CPU
		Release|Any CPU = Release|Any CPU
	EndGlobalSection
	GlobalSection(ProjectConfigurationPlatforms) = postSolution
		{5503ADFC-A5F5-4883-A2E6-FC4B5348887D}.Debug|Any CPU.ActiveCfg = Debug|Any CPU
		{5503ADFC-A5F5-4883-A2E6-FC4B5348887D}.Debug|Any CPU.Build.0 = Debug|Any CPU
		{5503ADFC-A5F5-4883-A2E6-FC4B5348887D}.Release|Any CPU.ActiveCfg = Release|Any CPU
		{5503ADFC-A5F5-4883-A2E6-FC4B5348887D}.Release|Any CPU.Build.0 = Release|Any CPU
		{7C4CA1F7-F6AA-425B-B63A-6E4CD1C360A0}.Debug|Any CPU.ActiveCfg = Debug|Any CPU
		{7C4CA1F7-F6AA-425B-B63A-6E4CD1C360A0}.Debug|Any CPU.Build.0 = Debug|Any CPU
		{7C4CA1F7-F6AA-425B-B63A-6E4CD1C360A0}.Release|Any CPU.ActiveCfg = Release|Any CPU
		{7C4CA1F7-F6AA-425B-B63A-6E4CD1C360A0}.Release|Any CPU.Build.0 = Release|Any CPU
		{30AAAF5A-CD81-410E-B372-D2BF1E141A33}.Debug|Any CPU.ActiveCfg = Debug|Any CPU
		{30AAAF5A-CD81-410E-B372-D2BF1E141A33}.Debug|Any CPU.Build.0 = Debug|Any CPU
		{30AAAF5A-CD81-410E-B372-D2BF1E141A33}.Release|Any CPU.ActiveCfg = Release|Any CPU
		{30AAAF5A-CD81-410E-B372-D2BF1E141A33}.Release|Any CPU.Build.0 = Release|Any CPU
		{4179C129-EF3F-47BF-AC2A-510B791FB549}.Debug|Any CPU.ActiveCfg = Debug|Any CPU
		{4179C129-EF3F-47BF-AC2A-510B791FB549}.Debug|Any CPU.Build.0 = Debug|Any CPU
		{4179C129-EF3F-47BF-AC2A-510B791FB549}.Release|Any CPU.ActiveCfg = Release|Any CPU
		{4179C129-EF3F-47BF-AC2A-510B791FB549}.Release|Any CPU.Build.0 = Release|Any CPU
		{AEBA988B-6E2D-47FC-989F-F9A08FD04B33}.Debug|Any CPU.ActiveCfg = Debug|Any CPU
		{AEBA988B-6E2D-47FC-989F-F9A08FD04B33}.Debug|Any CPU.Build.0 = Debug|Any CPU
		{AEBA988B-6E2D-47FC-989F-F9A08FD04B33}.Release|Any CPU.ActiveCfg = Release|Any CPU
		{AEBA988B-6E2D-47FC-989F-F9A08FD04B33}.Release|Any CPU.Build.0 = Release|Any CPU
	EndGlobalSection
	GlobalSection(SolutionProperties) = preSolution
		HideSolutionNode = FALSE
	EndGlobalSection
	GlobalSection(ExtensibilityGlobals) = postSolution
		SolutionGuid = {8E0F9980-F40A-4D45-88E8-5E5849B8D495}
	EndGlobalSection
EndGlobal
