
Microsoft Visual Studio Solution File, Format Version 12.00
# Visual Studio 15
VisualStudioVersion = 15.0.28010.2046
MinimumVisualStudioVersion = 10.0.40219.1
Project("{9A19103F-16F7-4668-BE54-9A1E7A4F7556}") = "ReadKeyExample", "ReadKeyExample\ReadKeyExample.csproj", "{0553153F-9513-414A-8146-8F1543CEDB2F}"
EndProject
Project("{FAE04EC0-301F-11D3-BF4B-00C04F79EFBC}") = "TypeGetType", "TypeGetType\TypeGetType.csproj", "{6BB1F1D0-7E92-4FA6-95FF-529C3B20CD79}"
EndProject
Global
	GlobalSection(SolutionConfigurationPlatforms) = preSolution
		Debug|Any CPU = Debug|Any CPU
		Release|Any CPU = Release|Any CPU
	EndGlobalSection
	GlobalSection(ProjectConfigurationPlatforms) = postSolution
		{0553153F-9513-414A-8146-8F1543CEDB2F}.Debug|Any CPU.ActiveCfg = Debug|Any CPU
		{0553153F-9513-414A-8146-8F1543CEDB2F}.Debug|Any CPU.Build.0 = Debug|Any CPU
		{0553153F-9513-414A-8146-8F1543CEDB2F}.Release|Any CPU.ActiveCfg = Release|Any CPU
		{0553153F-9513-414A-8146-8F1543CEDB2F}.Release|Any CPU.Build.0 = Release|Any CPU
		{6BB1F1D0-7E92-4FA6-95FF-529C3B20CD79}.Debug|Any CPU.ActiveCfg = Debug|Any CPU
		{6BB1F1D0-7E92-4FA6-95FF-529C3B20CD79}.Debug|Any CPU.Build.0 = Debug|Any CPU
		{6BB1F1D0-7E92-4FA6-95FF-529C3B20CD79}.Release|Any CPU.ActiveCfg = Release|Any CPU
		{6BB1F1D0-7E92-4FA6-95FF-529C3B20CD79}.Release|Any CPU.Build.0 = Release|Any CPU
	EndGlobalSection
	GlobalSection(SolutionProperties) = preSolution
		HideSolutionNode = FALSE
	EndGlobalSection
	GlobalSection(ExtensibilityGlobals) = postSolution
		SolutionGuid = {7A4B6666-7957-4DC0-8DBB-4E0473E1C67E}
	EndGlobalSection
EndGlobal
