
Microsoft Visual Studio Solution File, Format Version 12.00
# Visual Studio 15
VisualStudioVersion = 15.0.27428.1
MinimumVisualStudioVersion = 10.0.40219.1
Project("{9A19103F-16F7-4668-BE54-9A1E7A4F7556}") = "Test", "Test\Test.csproj", "{65D1CF39-67CB-4E3A-87CC-9E0838FE7792}"
EndProject
Project("{9A19103F-16F7-4668-BE54-9A1E7A4F7556}") = "RecursiveDrawing", "RecursiveDrawing\RecursiveDrawing.csproj", "{37ED573D-0006-40AC-86BD-C22059018DEE}"
EndProject
Project("{FAE04EC0-301F-11D3-BF4B-00C04F79EFBC}") = "PascalsTriangle", "PascalsTriangle\PascalsTriangle.csproj", "{8482EAF6-8FBB-48E1-B1F8-719607AFFC08}"
EndProject
Global
	GlobalSection(SolutionConfigurationPlatforms) = preSolution
		Debug|Any CPU = Debug|Any CPU
		Release|Any CPU = Release|Any CPU
	EndGlobalSection
	GlobalSection(ProjectConfigurationPlatforms) = postSolution
		{65D1CF39-67CB-4E3A-87CC-9E0838FE7792}.Debug|Any CPU.ActiveCfg = Debug|Any CPU
		{65D1CF39-67CB-4E3A-87CC-9E0838FE7792}.Debug|Any CPU.Build.0 = Debug|Any CPU
		{65D1CF39-67CB-4E3A-87CC-9E0838FE7792}.Release|Any CPU.ActiveCfg = Release|Any CPU
		{65D1CF39-67CB-4E3A-87CC-9E0838FE7792}.Release|Any CPU.Build.0 = Release|Any CPU
		{37ED573D-0006-40AC-86BD-C22059018DEE}.Debug|Any CPU.ActiveCfg = Debug|Any CPU
		{37ED573D-0006-40AC-86BD-C22059018DEE}.Debug|Any CPU.Build.0 = Debug|Any CPU
		{37ED573D-0006-40AC-86BD-C22059018DEE}.Release|Any CPU.ActiveCfg = Release|Any CPU
		{37ED573D-0006-40AC-86BD-C22059018DEE}.Release|Any CPU.Build.0 = Release|Any CPU
		{8482EAF6-8FBB-48E1-B1F8-719607AFFC08}.Debug|Any CPU.ActiveCfg = Debug|Any CPU
		{8482EAF6-8FBB-48E1-B1F8-719607AFFC08}.Debug|Any CPU.Build.0 = Debug|Any CPU
		{8482EAF6-8FBB-48E1-B1F8-719607AFFC08}.Release|Any CPU.ActiveCfg = Release|Any CPU
		{8482EAF6-8FBB-48E1-B1F8-719607AFFC08}.Release|Any CPU.Build.0 = Release|Any CPU
	EndGlobalSection
	GlobalSection(SolutionProperties) = preSolution
		HideSolutionNode = FALSE
	EndGlobalSection
	GlobalSection(ExtensibilityGlobals) = postSolution
		SolutionGuid = {A514D8A8-B7D6-4456-8330-F51E55B6B8FE}
	EndGlobalSection
EndGlobal
